// !$*UTF8*$!
{
	archiveVersion = 1;
	classes = {
	};
	objectVersion = 50;
	objects = {

/* Begin PBXBuildFile section */
		982DB6A326FBEE1A00C5AE09 /* AppDelegate.swift in Sources */ = {isa = PBXBuildFile; fileRef = 982DB6A226FBEE1A00C5AE09 /* AppDelegate.swift */; };
		982DB6A526FBEE1A00C5AE09 /* SceneDelegate.swift in Sources */ = {isa = PBXBuildFile; fileRef = 982DB6A426FBEE1A00C5AE09 /* SceneDelegate.swift */; };
		982DB6A726FBEE1A00C5AE09 /* ViewController.swift in Sources */ = {isa = PBXBuildFile; fileRef = 982DB6A626FBEE1A00C5AE09 /* ViewController.swift */; };
		982DB6AA26FBEE1A00C5AE09 /* Main.storyboard in Resources */ = {isa = PBXBuildFile; fileRef = 982DB6A826FBEE1A00C5AE09 /* Main.storyboard */; };
		982DB6AC26FBEE2B00C5AE09 /* Assets.xcassets in Resources */ = {isa = PBXBuildFile; fileRef = 982DB6AB26FBEE2B00C5AE09 /* Assets.xcassets */; };
		982DB6AF26FBEE2B00C5AE09 /* LaunchScreen.storyboard in Resources */ = {isa = PBXBuildFile; fileRef = 982DB6AD26FBEE2B00C5AE09 /* LaunchScreen.storyboard */; };
		982DB6BA26FBEE2D00C5AE09 /* ProyectoPrimerParcialTests.swift in Sources */ = {isa = PBXBuildFile; fileRef = 982DB6B926FBEE2D00C5AE09 /* ProyectoPrimerParcialTests.swift */; };
		982DB6C526FBEE2D00C5AE09 /* ProyectoPrimerParcialUITests.swift in Sources */ = {isa = PBXBuildFile; fileRef = 982DB6C426FBEE2D00C5AE09 /* ProyectoPrimerParcialUITests.swift */; };
		982F280926FEC04200A8C51D /* Sketch 3D.otf in Resources */ = {isa = PBXBuildFile; fileRef = 982F280826FEA4DF00A8C51D /* Sketch 3D.otf */; };
		982F280E26FEDDE000A8C51D /* fondo.wav in Resources */ = {isa = PBXBuildFile; fileRef = 982F280A26FEDDDF00A8C51D /* fondo.wav */; };
		982F280F26FEDDE000A8C51D /* cangrejo.wav in Resources */ = {isa = PBXBuildFile; fileRef = 982F280B26FEDDDF00A8C51D /* cangrejo.wav */; };
		982F281026FEDDE000A8C51D /* pato.wav in Resources */ = {isa = PBXBuildFile; fileRef = 982F280C26FEDDDF00A8C51D /* pato.wav */; };
		982F281126FEDDE000A8C51D /* serpiente.wav in Resources */ = {isa = PBXBuildFile; fileRef = 982F280D26FEDDE000A8C51D /* serpiente.wav */; };
/* End PBXBuildFile section */

/* Begin PBXContainerItemProxy section */
		982DB6B626FBEE2D00C5AE09 /* PBXContainerItemProxy */ = {
			isa = PBXContainerItemProxy;
			containerPortal = 982DB69726FBEE1900C5AE09 /* Project object */;
			proxyType = 1;
			remoteGlobalIDString = 982DB69E26FBEE1A00C5AE09;
			remoteInfo = ProyectoPrimerParcial;
		};
		982DB6C126FBEE2D00C5AE09 /* PBXContainerItemProxy */ = {
			isa = PBXContainerItemProxy;
			containerPortal = 982DB69726FBEE1900C5AE09 /* Project object */;
			proxyType = 1;
			remoteGlobalIDString = 982DB69E26FBEE1A00C5AE09;
			remoteInfo = ProyectoPrimerParcial;
		};
/* End PBXContainerItemProxy section */

/* Begin PBXFileReference section */
		982DB69F26FBEE1A00C5AE09 /* ProyectoPrimerParcial.app */ = {isa = PBXFileReference; explicitFileType = wrapper.application; includeInIndex = 0; path = ProyectoPrimerParcial.app; sourceTree = BUILT_PRODUCTS_DIR; };
		982DB6A226FBEE1A00C5AE09 /* AppDelegate.swift */ = {isa = PBXFileReference; lastKnownFileType = sourcecode.swift; path = AppDelegate.swift; sourceTree = "<group>"; };
		982DB6A426FBEE1A00C5AE09 /* SceneDelegate.swift */ = {isa = PBXFileReference; lastKnownFileType = sourcecode.swift; path = SceneDelegate.swift; sourceTree = "<group>"; };
		982DB6A626FBEE1A00C5AE09 /* ViewController.swift */ = {isa = PBXFileReference; lastKnownFileType = sourcecode.swift; path = ViewController.swift; sourceTree = "<group>"; };
		982DB6A926FBEE1A00C5AE09 /* Base */ = {isa = PBXFileReference; lastKnownFileType = file.storyboard; name = Base; path = Base.lproj/Main.storyboard; sourceTree = "<group>"; };
		982DB6AB26FBEE2B00C5AE09 /* Assets.xcassets */ = {isa = PBXFileReference; lastKnownFileType = folder.assetcatalog; path = Assets.xcassets; sourceTree = "<group>"; };
		982DB6AE26FBEE2B00C5AE09 /* Base */ = {isa = PBXFileReference; lastKnownFileType = file.storyboard; name = Base; path = Base.lproj/LaunchScreen.storyboard; sourceTree = "<group>"; };
		982DB6B026FBEE2B00C5AE09 /* Info.plist */ = {isa = PBXFileReference; lastKnownFileType = text.plist.xml; path = Info.plist; sourceTree = "<group>"; };
		982DB6B526FBEE2D00C5AE09 /* ProyectoPrimerParcialTests.xctest */ = {isa = PBXFileReference; explicitFileType = wrapper.cfbundle; includeInIndex = 0; path = ProyectoPrimerParcialTests.xctest; sourceTree = BUILT_PRODUCTS_DIR; };
		982DB6B926FBEE2D00C5AE09 /* ProyectoPrimerParcialTests.swift */ = {isa = PBXFileReference; lastKnownFileType = sourcecode.swift; path = ProyectoPrimerParcialTests.swift; sourceTree = "<group>"; };
		982DB6BB26FBEE2D00C5AE09 /* Info.plist */ = {isa = PBXFileReference; lastKnownFileType = text.plist.xml; path = Info.plist; sourceTree = "<group>"; };
		982DB6C026FBEE2D00C5AE09 /* ProyectoPrimerParcialUITests.xctest */ = {isa = PBXFileReference; explicitFileType = wrapper.cfbundle; includeInIndex = 0; path = ProyectoPrimerParcialUITests.xctest; sourceTree = BUILT_PRODUCTS_DIR; };
		982DB6C426FBEE2D00C5AE09 /* ProyectoPrimerParcialUITests.swift */ = {isa = PBXFileReference; lastKnownFileType = sourcecode.swift; path = ProyectoPrimerParcialUITests.swift; sourceTree = "<group>"; };
		982DB6C626FBEE2D00C5AE09 /* Info.plist */ = {isa = PBXFileReference; lastKnownFileType = text.plist.xml; path = Info.plist; sourceTree = "<group>"; };
		982F280826FEA4DF00A8C51D /* Sketch 3D.otf */ = {isa = PBXFileReference; lastKnownFileType = file; path = "Sketch 3D.otf"; sourceTree = "<group>"; };
		982F280A26FEDDDF00A8C51D /* fondo.wav */ = {isa = PBXFileReference; lastKnownFileType = audio.wav; name = fondo.wav; path = Assets/fondo.wav; sourceTree = SOURCE_ROOT; };
		982F280B26FEDDDF00A8C51D /* cangrejo.wav */ = {isa = PBXFileReference; lastKnownFileType = audio.wav; name = cangrejo.wav; path = Assets/cangrejo.wav; sourceTree = SOURCE_ROOT; };
		982F280C26FEDDDF00A8C51D /* pato.wav */ = {isa = PBXFileReference; lastKnownFileType = audio.wav; name = pato.wav; path = Assets/pato.wav; sourceTree = SOURCE_ROOT; };
		982F280D26FEDDE000A8C51D /* serpiente.wav */ = {isa = PBXFileReference; lastKnownFileType = audio.wav; name = serpiente.wav; path = Assets/serpiente.wav; sourceTree = SOURCE_ROOT; };
/* End PBXFileReference section */

/* Begin PBXFrameworksBuildPhase section */
		982DB69C26FBEE1A00C5AE09 /* Frameworks */ = {
			isa = PBXFrameworksBuildPhase;
			buildActionMask = 2147483647;
			files = (
			);
			runOnlyForDeploymentPostprocessing = 0;
		};
		982DB6B226FBEE2D00C5AE09 /* Frameworks */ = {
			isa = PBXFrameworksBuildPhase;
			buildActionMask = 2147483647;
			files = (
			);
			runOnlyForDeploymentPostprocessing = 0;
		};
		982DB6BD26FBEE2D00C5AE09 /* Frameworks */ = {
			isa = PBXFrameworksBuildPhase;
			buildActionMask = 2147483647;
			files = (
			);
			runOnlyForDeploymentPostprocessing = 0;
		};
/* End PBXFrameworksBuildPhase section */

/* Begin PBXGroup section */
		982DB69626FBEE1900C5AE09 = {
			isa = PBXGroup;
			children = (
				982DB6A126FBEE1A00C5AE09 /* ProyectoPrimerParcial */,
				982DB6B826FBEE2D00C5AE09 /* ProyectoPrimerParcialTests */,
				982DB6C326FBEE2D00C5AE09 /* ProyectoPrimerParcialUITests */,
				982DB6A026FBEE1A00C5AE09 /* Products */,
			);
			sourceTree = "<group>";
		};
		982DB6A026FBEE1A00C5AE09 /* Products */ = {
			isa = PBXGroup;
			children = (
				982DB69F26FBEE1A00C5AE09 /* ProyectoPrimerParcial.app */,
				982DB6B526FBEE2D00C5AE09 /* ProyectoPrimerParcialTests.xctest */,
				982DB6C026FBEE2D00C5AE09 /* ProyectoPrimerParcialUITests.xctest */,
			);
			name = Products;
			sourceTree = "<group>";
		};
		982DB6A126FBEE1A00C5AE09 /* ProyectoPrimerParcial */ = {
			isa = PBXGroup;
			children = (
				982DB6A226FBEE1A00C5AE09 /* AppDelegate.swift */,
				982DB6A426FBEE1A00C5AE09 /* SceneDelegate.swift */,
				982DB6A626FBEE1A00C5AE09 /* ViewController.swift */,
				982DB6A826FBEE1A00C5AE09 /* Main.storyboard */,
				982F280826FEA4DF00A8C51D /* Sketch 3D.otf */,
				982DB6AB26FBEE2B00C5AE09 /* Assets.xcassets */,
				982F280B26FEDDDF00A8C51D /* cangrejo.wav */,
				982F280A26FEDDDF00A8C51D /* fondo.wav */,
				982F280C26FEDDDF00A8C51D /* pato.wav */,
				982F280D26FEDDE000A8C51D /* serpiente.wav */,
				982DB6AD26FBEE2B00C5AE09 /* LaunchScreen.storyboard */,
				982DB6B026FBEE2B00C5AE09 /* Info.plist */,
			);
			path = ProyectoPrimerParcial;
			sourceTree = "<group>";
		};
		982DB6B826FBEE2D00C5AE09 /* ProyectoPrimerParcialTests */ = {
			isa = PBXGroup;
			children = (
				982DB6B926FBEE2D00C5AE09 /* ProyectoPrimerParcialTests.swift */,
				982DB6BB26FBEE2D00C5AE09 /* Info.plist */,
			);
			path = ProyectoPrimerParcialTests;
			sourceTree = "<group>";
		};
		982DB6C326FBEE2D00C5AE09 /* ProyectoPrimerParcialUITests */ = {
			isa = PBXGroup;
			children = (
				982DB6C426FBEE2D00C5AE09 /* ProyectoPrimerParcialUITests.swift */,
				982DB6C626FBEE2D00C5AE09 /* Info.plist */,
			);
			path = ProyectoPrimerParcialUITests;
			sourceTree = "<group>";
		};
/* End PBXGroup section */

/* Begin PBXNativeTarget section */
		982DB69E26FBEE1A00C5AE09 /* ProyectoPrimerParcial */ = {
			isa = PBXNativeTarget;
			buildConfigurationList = 982DB6C926FBEE2D00C5AE09 /* Build configuration list for PBXNativeTarget "ProyectoPrimerParcial" */;
			buildPhases = (
				982DB69B26FBEE1A00C5AE09 /* Sources */,
				982DB69C26FBEE1A00C5AE09 /* Frameworks */,
				982DB69D26FBEE1A00C5AE09 /* Resources */,
			);
			buildRules = (
			);
			dependencies = (
			);
			name = ProyectoPrimerParcial;
			productName = ProyectoPrimerParcial;
			productReference = 982DB69F26FBEE1A00C5AE09 /* ProyectoPrimerParcial.app */;
			productType = "com.apple.product-type.application";
		};
		982DB6B426FBEE2D00C5AE09 /* ProyectoPrimerParcialTests */ = {
			isa = PBXNativeTarget;
			buildConfigurationList = 982DB6CC26FBEE2D00C5AE09 /* Build configuration list for PBXNativeTarget "ProyectoPrimerParcialTests" */;
			buildPhases = (
				982DB6B126FBEE2D00C5AE09 /* Sources */,
				982DB6B226FBEE2D00C5AE09 /* Frameworks */,
				982DB6B326FBEE2D00C5AE09 /* Resources */,
			);
			buildRules = (
			);
			dependencies = (
				982DB6B726FBEE2D00C5AE09 /* PBXTargetDependency */,
			);
			name = ProyectoPrimerParcialTests;
			productName = ProyectoPrimerParcialTests;
			productReference = 982DB6B526FBEE2D00C5AE09 /* ProyectoPrimerParcialTests.xctest */;
			productType = "com.apple.product-type.bundle.unit-test";
		};
		982DB6BF26FBEE2D00C5AE09 /* ProyectoPrimerParcialUITests */ = {
			isa = PBXNativeTarget;
			buildConfigurationList = 982DB6CF26FBEE2D00C5AE09 /* Build configuration list for PBXNativeTarget "ProyectoPrimerParcialUITests" */;
			buildPhases = (
				982DB6BC26FBEE2D00C5AE09 /* Sources */,
				982DB6BD26FBEE2D00C5AE09 /* Frameworks */,
				982DB6BE26FBEE2D00C5AE09 /* Resources */,
			);
			buildRules = (
			);
			dependencies = (
				982DB6C226FBEE2D00C5AE09 /* PBXTargetDependency */,
			);
			name = ProyectoPrimerParcialUITests;
			productName = ProyectoPrimerParcialUITests;
			productReference = 982DB6C026FBEE2D00C5AE09 /* ProyectoPrimerParcialUITests.xctest */;
			productType = "com.apple.product-type.bundle.ui-testing";
		};
/* End PBXNativeTarget section */

/* Begin PBXProject section */
		982DB69726FBEE1900C5AE09 /* Project object */ = {
			isa = PBXProject;
			attributes = {
				LastSwiftUpdateCheck = 1250;
				LastUpgradeCheck = 1250;
				TargetAttributes = {
					982DB69E26FBEE1A00C5AE09 = {
						CreatedOnToolsVersion = 12.5.1;
					};
					982DB6B426FBEE2D00C5AE09 = {
						CreatedOnToolsVersion = 12.5.1;
						TestTargetID = 982DB69E26FBEE1A00C5AE09;
					};
					982DB6BF26FBEE2D00C5AE09 = {
						CreatedOnToolsVersion = 12.5.1;
						TestTargetID = 982DB69E26FBEE1A00C5AE09;
					};
				};
			};
			buildConfigurationList = 982DB69A26FBEE1900C5AE09 /* Build configuration list for PBXProject "ProyectoPrimerParcial" */;
			compatibilityVersion = "Xcode 9.3";
			developmentRegion = en;
			hasScannedForEncodings = 0;
			knownRegions = (
				en,
				Base,
			);
			mainGroup = 982DB69626FBEE1900C5AE09;
			productRefGroup = 982DB6A026FBEE1A00C5AE09 /* Products */;
			projectDirPath = "";
			projectRoot = "";
			targets = (
				982DB69E26FBEE1A00C5AE09 /* ProyectoPrimerParcial */,
				982DB6B426FBEE2D00C5AE09 /* ProyectoPrimerParcialTests */,
				982DB6BF26FBEE2D00C5AE09 /* ProyectoPrimerParcialUITests */,
			);
		};
/* End PBXProject section */

/* Begin PBXResourcesBuildPhase section */
		982DB69D26FBEE1A00C5AE09 /* Resources */ = {
			isa = PBXResourcesBuildPhase;
			buildActionMask = 2147483647;
			files = (
				982F281126FEDDE000A8C51D /* serpiente.wav in Resources */,
				982F280E26FEDDE000A8C51D /* fondo.wav in Resources */,
				982F280F26FEDDE000A8C51D /* cangrejo.wav in Resources */,
				982DB6AF26FBEE2B00C5AE09 /* LaunchScreen.storyboard in Resources */,
				982F280926FEC04200A8C51D /* Sketch 3D.otf in Resources */,
				982DB6AC26FBEE2B00C5AE09 /* Assets.xcassets in Resources */,
				982F281026FEDDE000A8C51D /* pato.wav in Resources */,
				982DB6AA26FBEE1A00C5AE09 /* Main.storyboard in Resources */,
			);
			runOnlyForDeploymentPostprocessing = 0;
		};
		982DB6B326FBEE2D00C5AE09 /* Resources */ = {
			isa = PBXResourcesBuildPhase;
			buildActionMask = 2147483647;
			files = (
			);
			runOnlyForDeploymentPostprocessing = 0;
		};
		982DB6BE26FBEE2D00C5AE09 /* Resources */ = {
			isa = PBXResourcesBuildPhase;
			buildActionMask = 2147483647;
			files = (
			);
			runOnlyForDeploymentPostprocessing = 0;
		};
/* End PBXResourcesBuildPhase section */

/* Begin PBXSourcesBuildPhase section */
		982DB69B26FBEE1A00C5AE09 /* Sources */ = {
			isa = PBXSourcesBuildPhase;
			buildActionMask = 2147483647;
			files = (
				982DB6A726FBEE1A00C5AE09 /* ViewController.swift in Sources */,
				982DB6A326FBEE1A00C5AE09 /* AppDelegate.swift in Sources */,
				982DB6A526FBEE1A00C5AE09 /* SceneDelegate.swift in Sources */,
			);
			runOnlyForDeploymentPostprocessing = 0;
		};
		982DB6B126FBEE2D00C5AE09 /* Sources */ = {
			isa = PBXSourcesBuildPhase;
			buildActionMask = 2147483647;
			files = (
				982DB6BA26FBEE2D00C5AE09 /* ProyectoPrimerParcialTests.swift in Sources */,
			);
			runOnlyForDeploymentPostprocessing = 0;
		};
		982DB6BC26FBEE2D00C5AE09 /* Sources */ = {
			isa = PBXSourcesBuildPhase;
			buildActionMask = 2147483647;
			files = (
				982DB6C526FBEE2D00C5AE09 /* ProyectoPrimerParcialUITests.swift in Sources */,
			);
			runOnlyForDeploymentPostprocessing = 0;
		};
/* End PBXSourcesBuildPhase section */

/* Begin PBXTargetDependency section */
		982DB6B726FBEE2D00C5AE09 /* PBXTargetDependency */ = {
			isa = PBXTargetDependency;
			target = 982DB69E26FBEE1A00C5AE09 /* ProyectoPrimerParcial */;
			targetProxy = 982DB6B626FBEE2D00C5AE09 /* PBXContainerItemProxy */;
		};
		982DB6C226FBEE2D00C5AE09 /* PBXTargetDependency */ = {
			isa = PBXTargetDependency;
			target = 982DB69E26FBEE1A00C5AE09 /* ProyectoPrimerParcial */;
			targetProxy = 982DB6C126FBEE2D00C5AE09 /* PBXContainerItemProxy */;
		};
/* End PBXTargetDependency section */

/* Begin PBXVariantGroup section */
		982DB6A826FBEE1A00C5AE09 /* Main.storyboard */ = {
			isa = PBXVariantGroup;
			children = (
				982DB6A926FBEE1A00C5AE09 /* Base */,
			);
			name = Main.storyboard;
			sourceTree = "<group>";
		};
		982DB6AD26FBEE2B00C5AE09 /* LaunchScreen.storyboard */ = {
			isa = PBXVariantGroup;
			children = (
				982DB6AE26FBEE2B00C5AE09 /* Base */,
			);
			name = LaunchScreen.storyboard;
			sourceTree = "<group>";
		};
/* End PBXVariantGroup section */

/* Begin XCBuildConfiguration section */
		982DB6C726FBEE2D00C5AE09 /* Debug */ = {
			isa = XCBuildConfiguration;
			buildSettings = {
				ALWAYS_SEARCH_USER_PATHS = NO;
				CLANG_ANALYZER_NONNULL = YES;
				CLANG_ANALYZER_NUMBER_OBJECT_CONVERSION = YES_AGGRESSIVE;
				CLANG_CXX_LANGUAGE_STANDARD = "gnu++14";
				CLANG_CXX_LIBRARY = "libc++";
				CLANG_ENABLE_MODULES = YES;
				CLANG_ENABLE_OBJC_ARC = YES;
				CLANG_ENABLE_OBJC_WEAK = YES;
				CLANG_WARN_BLOCK_CAPTURE_AUTORELEASING = YES;
				CLANG_WARN_BOOL_CONVERSION = YES;
				CLANG_WARN_COMMA = YES;
				CLANG_WARN_CONSTANT_CONVERSION = YES;
				CLANG_WARN_DEPRECATED_OBJC_IMPLEMENTATIONS = YES;
				CLANG_WARN_DIRECT_OBJC_ISA_USAGE = YES_ERROR;
				CLANG_WARN_DOCUMENTATION_COMMENTS = YES;
				CLANG_WARN_EMPTY_BODY = YES;
				CLANG_WARN_ENUM_CONVERSION = YES;
				CLANG_WARN_INFINITE_RECURSION = YES;
				CLANG_WARN_INT_CONVERSION = YES;
				CLANG_WARN_NON_LITERAL_NULL_CONVERSION = YES;
				CLANG_WARN_OBJC_IMPLICIT_RETAIN_SELF = YES;
				CLANG_WARN_OBJC_LITERAL_CONVERSION = YES;
				CLANG_WARN_OBJC_ROOT_CLASS = YES_ERROR;
				CLANG_WARN_QUOTED_INCLUDE_IN_FRAMEWORK_HEADER = YES;
				CLANG_WARN_RANGE_LOOP_ANALYSIS = YES;
				CLANG_WARN_STRICT_PROTOTYPES = YES;
				CLANG_WARN_SUSPICIOUS_MOVE = YES;
				CLANG_WARN_UNGUARDED_AVAILABILITY = YES_AGGRESSIVE;
				CLANG_WARN_UNREACHABLE_CODE = YES;
				CLANG_WARN__DUPLICATE_METHOD_MATCH = YES;
				COPY_PHASE_STRIP = NO;
				DEBUG_INFORMATION_FORMAT = dwarf;
				ENABLE_STRICT_OBJC_MSGSEND = YES;
				ENABLE_TESTABILITY = YES;
				GCC_C_LANGUAGE_STANDARD = gnu11;
				GCC_DYNAMIC_NO_PIC = NO;
				GCC_NO_COMMON_BLOCKS = YES;
				GCC_OPTIMIZATION_LEVEL = 0;
				GCC_PREPROCESSOR_DEFINITIONS = (
					"DEBUG=1",
					"$(inherited)",
				);
				GCC_WARN_64_TO_32_BIT_CONVERSION = YES;
				GCC_WARN_ABOUT_RETURN_TYPE = YES_ERROR;
				GCC_WARN_UNDECLARED_SELECTOR = YES;
				GCC_WARN_UNINITIALIZED_AUTOS = YES_AGGRESSIVE;
				GCC_WARN_UNUSED_FUNCTION = YES;
				GCC_WARN_UNUSED_VARIABLE = YES;
				IPHONEOS_DEPLOYMENT_TARGET = 14.5;
				MTL_ENABLE_DEBUG_INFO = INCLUDE_SOURCE;
				MTL_FAST_MATH = YES;
				ONLY_ACTIVE_ARCH = YES;
				SDKROOT = iphoneos;
				SWIFT_ACTIVE_COMPILATION_CONDITIONS = DEBUG;
				SWIFT_OPTIMIZATION_LEVEL = "-Onone";
			};
			name = Debug;
		};
		982DB6C826FBEE2D00C5AE09 /* Release */ = {
			isa = XCBuildConfiguration;
			buildSettings = {
				ALWAYS_SEARCH_USER_PATHS = NO;
				CLANG_ANALYZER_NONNULL = YES;
				CLANG_ANALYZER_NUMBER_OBJECT_CONVERSION = YES_AGGRESSIVE;
				CLANG_CXX_LANGUAGE_STANDARD = "gnu++14";
				CLANG_CXX_LIBRARY = "libc++";
				CLANG_ENABLE_MODULES = YES;
				CLANG_ENABLE_OBJC_ARC = YES;
				CLANG_ENABLE_OBJC_WEAK = YES;
				CLANG_WARN_BLOCK_CAPTURE_AUTORELEASING = YES;
				CLANG_WARN_BOOL_CONVERSION = YES;
				CLANG_WARN_COMMA = YES;
				CLANG_WARN_CONSTANT_CONVERSION = YES;
				CLANG_WARN_DEPRECATED_OBJC_IMPLEMENTATIONS = YES;
				CLANG_WARN_DIRECT_OBJC_ISA_USAGE = YES_ERROR;
				CLANG_WARN_DOCUMENTATION_COMMENTS = YES;
				CLANG_WARN_EMPTY_BODY = YES;
				CLANG_WARN_ENUM_CONVERSION = YES;
				CLANG_WARN_INFINITE_RECURSION = YES;
				CLANG_WARN_INT_CONVERSION = YES;
				CLANG_WARN_NON_LITERAL_NULL_CONVERSION = YES;
				CLANG_WARN_OBJC_IMPLICIT_RETAIN_SELF = YES;
				CLANG_WARN_OBJC_LITERAL_CONVERSION = YES;
				CLANG_WARN_OBJC_ROOT_CLASS = YES_ERROR;
				CLANG_WARN_QUOTED_INCLUDE_IN_FRAMEWORK_HEADER = YES;
				CLANG_WARN_RANGE_LOOP_ANALYSIS = YES;
				CLANG_WARN_STRICT_PROTOTYPES = YES;
				CLANG_WARN_SUSPICIOUS_MOVE = YES;
				CLANG_WARN_UNGUARDED_AVAILABILITY = YES_AGGRESSIVE;
				CLANG_WARN_UNREACHABLE_CODE = YES;
				CLANG_WARN__DUPLICATE_METHOD_MATCH = YES;
				COPY_PHASE_STRIP = NO;
				DEBUG_INFORMATION_FORMAT = "dwarf-with-dsym";
				ENABLE_NS_ASSERTIONS = NO;
				ENABLE_STRICT_OBJC_MSGSEND = YES;
				GCC_C_LANGUAGE_STANDARD = gnu11;
				GCC_NO_COMMON_BLOCKS = YES;
				GCC_WARN_64_TO_32_BIT_CONVERSION = YES;
				GCC_WARN_ABOUT_RETURN_TYPE = YES_ERROR;
				GCC_WARN_UNDECLARED_SELECTOR = YES;
				GCC_WARN_UNINITIALIZED_AUTOS = YES_AGGRESSIVE;
				GCC_WARN_UNUSED_FUNCTION = YES;
				GCC_WARN_UNUSED_VARIABLE = YES;
				IPHONEOS_DEPLOYMENT_TARGET = 14.5;
				MTL_ENABLE_DEBUG_INFO = NO;
				MTL_FAST_MATH = YES;
				SDKROOT = iphoneos;
				SWIFT_COMPILATION_MODE = wholemodule;
				SWIFT_OPTIMIZATION_LEVEL = "-O";
				VALIDATE_PRODUCT = YES;
			};
			name = Release;
		};
		982DB6CA26FBEE2D00C5AE09 /* Debug */ = {
			isa = XCBuildConfiguration;
			buildSettings = {
				ASSETCATALOG_COMPILER_APPICON_NAME = AppIcon;
				ASSETCATALOG_COMPILER_GLOBAL_ACCENT_COLOR_NAME = AccentColor;
				CODE_SIGN_STYLE = Automatic;
				INFOPLIST_FILE = ProyectoPrimerParcial/Info.plist;
				LD_RUNPATH_SEARCH_PATHS = (
					"$(inherited)",
					"@executable_path/Frameworks",
				);
				PRODUCT_BUNDLE_IDENTIFIER = "Carlos-Encinas.ProyectoPrimerParcial";
				PRODUCT_NAME = "$(TARGET_NAME)";
				SWIFT_VERSION = 5.0;
				TARGETED_DEVICE_FAMILY = "1,2";
			};
			name = Debug;
		};
		982DB6CB26FBEE2D00C5AE09 /* Release */ = {
			isa = XCBuildConfiguration;
			buildSettings = {
				ASSETCATALOG_COMPILER_APPICON_NAME = AppIcon;
				ASSETCATALOG_COMPILER_GLOBAL_ACCENT_COLOR_NAME = AccentColor;
				CODE_SIGN_STYLE = Automatic;
				INFOPLIST_FILE = ProyectoPrimerParcial/Info.plist;
				LD_RUNPATH_SEARCH_PATHS = (
					"$(inherited)",
					"@executable_path/Frameworks",
				);
				PRODUCT_BUNDLE_IDENTIFIER = "Carlos-Encinas.ProyectoPrimerParcial";
				PRODUCT_NAME = "$(TARGET_NAME)";
				SWIFT_VERSION = 5.0;
				TARGETED_DEVICE_FAMILY = "1,2";
			};
			name = Release;
		};
		982DB6CD26FBEE2D00C5AE09 /* Debug */ = {
			isa = XCBuildConfiguration;
			buildSettings = {
				ALWAYS_EMBED_SWIFT_STANDARD_LIBRARIES = YES;
				BUNDLE_LOADER = "$(TEST_HOST)";
				CODE_SIGN_STYLE = Automatic;
				INFOPLIST_FILE = ProyectoPrimerParcialTests/Info.plist;
				IPHONEOS_DEPLOYMENT_TARGET = 14.5;
				LD_RUNPATH_SEARCH_PATHS = (
					"$(inherited)",
					"@executable_path/Frameworks",
					"@loader_path/Frameworks",
				);
				PRODUCT_BUNDLE_IDENTIFIER = "Carlos-Encinas.ProyectoPrimerParcialTests";
				PRODUCT_NAME = "$(TARGET_NAME)";
				SWIFT_VERSION = 5.0;
				TARGETED_DEVICE_FAMILY = "1,2";
				TEST_HOST = "$(BUILT_PRODUCTS_DIR)/ProyectoPrimerParcial.app/ProyectoPrimerParcial";
			};
			name = Debug;
		};
		982DB6CE26FBEE2D00C5AE09 /* Release */ = {
			isa = XCBuildConfiguration;
			buildSettings = {
				ALWAYS_EMBED_SWIFT_STANDARD_LIBRARIES = YES;
				BUNDLE_LOADER = "$(TEST_HOST)";
				CODE_SIGN_STYLE = Automatic;
				INFOPLIST_FILE = ProyectoPrimerParcialTests/Info.plist;
				IPHONEOS_DEPLOYMENT_TARGET = 14.5;
				LD_RUNPATH_SEARCH_PATHS = (
					"$(inherited)",
					"@executable_path/Frameworks",
					"@loader_path/Frameworks",
				);
				PRODUCT_BUNDLE_IDENTIFIER = "Carlos-Encinas.ProyectoPrimerParcialTests";
				PRODUCT_NAME = "$(TARGET_NAME)";
				SWIFT_VERSION = 5.0;
				TARGETED_DEVICE_FAMILY = "1,2";
				TEST_HOST = "$(BUILT_PRODUCTS_DIR)/ProyectoPrimerParcial.app/ProyectoPrimerParcial";
			};
			name = Release;
		};
		982DB6D026FBEE2D00C5AE09 /* Debug */ = {
			isa = XCBuildConfiguration;
			buildSettings = {
				ALWAYS_EMBED_SWIFT_STANDARD_LIBRARIES = YES;
				CODE_SIGN_STYLE = Automatic;
				INFOPLIST_FILE = ProyectoPrimerParcialUITests/Info.plist;
				LD_RUNPATH_SEARCH_PATHS = (
					"$(inherited)",
					"@executable_path/Frameworks",
					"@loader_path/Frameworks",
				);
				PRODUCT_BUNDLE_IDENTIFIER = "Carlos-Encinas.ProyectoPrimerParcialUITests";
				PRODUCT_NAME = "$(TARGET_NAME)";
				SWIFT_VERSION = 5.0;
				TARGETED_DEVICE_FAMILY = "1,2";
				TEST_TARGET_NAME = ProyectoPrimerParcial;
			};
			name = Debug;
		};
		982DB6D126FBEE2D00C5AE09 /* Release */ = {
			isa = XCBuildConfiguration;
			buildSettings = {
				ALWAYS_EMBED_SWIFT_STANDARD_LIBRARIES = YES;
				CODE_SIGN_STYLE = Automatic;
				INFOPLIST_FILE = ProyectoPrimerParcialUITests/Info.plist;
				LD_RUNPATH_SEARCH_PATHS = (
					"$(inherited)",
					"@executable_path/Frameworks",
					"@loader_path/Frameworks",
				);
				PRODUCT_BUNDLE_IDENTIFIER = "Carlos-Encinas.ProyectoPrimerParcialUITests";
				PRODUCT_NAME = "$(TARGET_NAME)";
				SWIFT_VERSION = 5.0;
				TARGETED_DEVICE_FAMILY = "1,2";
				TEST_TARGET_NAME = ProyectoPrimerParcial;
			};
			name = Release;
		};
/* End XCBuildConfiguration section */

/* Begin XCConfigurationList section */
		982DB69A26FBEE1900C5AE09 /* Build configuration list for PBXProject "ProyectoPrimerParcial" */ = {
			isa = XCConfigurationList;
			buildConfigurations = (
				982DB6C726FBEE2D00C5AE09 /* Debug */,
				982DB6C826FBEE2D00C5AE09 /* Release */,
			);
			defaultConfigurationIsVisible = 0;
			defaultConfigurationName = Release;
		};
		982DB6C926FBEE2D00C5AE09 /* Build configuration list for PBXNativeTarget "ProyectoPrimerParcial" */ = {
			isa = XCConfigurationList;
			buildConfigurations = (
				982DB6CA26FBEE2D00C5AE09 /* Debug */,
				982DB6CB26FBEE2D00C5AE09 /* Release */,
			);
			defaultConfigurationIsVisible = 0;
			defaultConfigurationName = Release;
		};
		982DB6CC26FBEE2D00C5AE09 /* Build configuration list for PBXNativeTarget "ProyectoPrimerParcialTests" */ = {
			isa = XCConfigurationList;
			buildConfigurations = (
				982DB6CD26FBEE2D00C5AE09 /* Debug */,
				982DB6CE26FBEE2D00C5AE09 /* Release */,
			);
			defaultConfigurationIsVisible = 0;
			defaultConfigurationName = Release;
		};
		982DB6CF26FBEE2D00C5AE09 /* Build configuration list for PBXNativeTarget "ProyectoPrimerParcialUITests" */ = {
			isa = XCConfigurationList;
			buildConfigurations = (
				982DB6D026FBEE2D00C5AE09 /* Debug */,
				982DB6D126FBEE2D00C5AE09 /* Release */,
			);
			defaultConfigurationIsVisible = 0;
			defaultConfigurationName = Release;
		};
/* End XCConfigurationList section */
	};
	rootObject = 982DB69726FBEE1900C5AE09 /* Project object */;
}
